
Microsoft Visual Studio Solution File, Format Version 12.00
# Visual Studio 15
VisualStudioVersion = 15.0.28010.2036
MinimumVisualStudioVersion = 10.0.40219.1
Project("{FAE04EC0-301F-11D3-BF4B-00C04F79EFBC}") = "PersonInfo", "Shapes\PersonInfo.csproj", "{65A44930-47E8-409A-9634-5D6A4E76E8FD}"
EndProject
Global
	GlobalSection(SolutionConfigurationPlatforms) = preSolution
		Debug|Any CPU = Debug|Any CPU
		Release|Any CPU = Release|Any CPU
	EndGlobalSection
	GlobalSection(ProjectConfigurationPlatforms) = postSolution
		{65A44930-47E8-409A-9634-5D6A4E76E8FD}.Debug|Any CPU.ActiveCfg = Debug|Any CPU
		{65A44930-47E8-409A-9634-5D6A4E76E8FD}.Debug|Any CPU.Build.0 = Debug|Any CPU
		{65A44930-47E8-409A-9634-5D6A4E76E8FD}.Release|Any CPU.ActiveCfg = Release|Any CPU
		{65A44930-47E8-409A-9634-5D6A4E76E8FD}.Release|Any CPU.Build.0 = Release|Any CPU
	EndGlobalSection
	GlobalSection(SolutionProperties) = preSolution
		HideSolutionNode = FALSE
	EndGlobalSection
	GlobalSection(ExtensibilityGlobals) = postSolution
		SolutionGuid = {D4463E60-86EA-43A6-8443-15353A46AC22}
	EndGlobalSection
EndGlobal
