
Microsoft Visual Studio Solution File, Format Version 12.00
# Visual Studio 15
VisualStudioVersion = 15.0.28010.2036
MinimumVisualStudioVersion = 10.0.40219.1
Project("{9A19103F-16F7-4668-BE54-9A1E7A4F7556}") = "IteratorsAndComparators", "Library\IteratorsAndComparators.csproj", "{A67B8849-092E-4E15-8A0A-16315997021E}"
EndProject
Global
	GlobalSection(SolutionConfigurationPlatforms) = preSolution
		Debug|Any CPU = Debug|Any CPU
		Release|Any CPU = Release|Any CPU
	EndGlobalSection
	GlobalSection(ProjectConfigurationPlatforms) = postSolution
		{A67B8849-092E-4E15-8A0A-16315997021E}.Debug|Any CPU.ActiveCfg = Debug|Any CPU
		{A67B8849-092E-4E15-8A0A-16315997021E}.Debug|Any CPU.Build.0 = Debug|Any CPU
		{A67B8849-092E-4E15-8A0A-16315997021E}.Release|Any CPU.ActiveCfg = Release|Any CPU
		{A67B8849-092E-4E15-8A0A-16315997021E}.Release|Any CPU.Build.0 = Release|Any CPU
	EndGlobalSection
	GlobalSection(SolutionProperties) = preSolution
		HideSolutionNode = FALSE
	EndGlobalSection
	GlobalSection(ExtensibilityGlobals) = postSolution
		SolutionGuid = {2A0631DC-21A3-4AE0-A6A4-DC87B04ED89A}
	EndGlobalSection
EndGlobal
